
Microsoft Visual Studio Solution File, Format Version 12.00
# Visual Studio Version 17
VisualStudioVersion = 17.7.34202.233
MinimumVisualStudioVersion = 10.0.40219.1
Project("{FAE04EC0-301F-11D3-BF4B-00C04F79EFBC}") = "Calculater", "Calculater.csproj", "{EFA60E42-F8E3-44C8-9403-7DDBA969D996}"
EndProject
Global
	GlobalSection(SolutionConfigurationPlatforms) = preSolution
		Debug|Any CPU = Debug|Any CPU
		Release|Any CPU = Release|Any CPU
	EndGlobalSection
	GlobalSection(ProjectConfigurationPlatforms) = postSolution
		{EFA60E42-F8E3-44C8-9403-7DDBA969D996}.Debug|Any CPU.ActiveCfg = Debug|Any CPU
		{EFA60E42-F8E3-44C8-9403-7DDBA969D996}.Debug|Any CPU.Build.0 = Debug|Any CPU
		{EFA60E42-F8E3-44C8-9403-7DDBA969D996}.Release|Any CPU.ActiveCfg = Release|Any CPU
		{EFA60E42-F8E3-44C8-9403-7DDBA969D996}.Release|Any CPU.Build.0 = Release|Any CPU
	EndGlobalSection
	GlobalSection(SolutionProperties) = preSolution
		HideSolutionNode = FALSE
	EndGlobalSection
	GlobalSection(ExtensibilityGlobals) = postSolution
		SolutionGuid = {2C858311-42AD-4AC9-9FCA-0A52F4A9585B}
	EndGlobalSection
EndGlobal
